
Microsoft Visual Studio Solution File, Format Version 12.00
# Visual Studio Version 17
VisualStudioVersion = 17.2.32516.85
MinimumVisualStudioVersion = 10.0.40219.1
Project("{FAE04EC0-301F-11D3-BF4B-00C04F79EFBC}") = "SuperHeroAPI", "SuperHeroAPI\SuperHeroAPI.csproj", "{063EA735-B945-43C9-A842-374E85A1169B}"
EndProject
Global
	GlobalSection(SolutionConfigurationPlatforms) = preSolution
		Debug|Any CPU = Debug|Any CPU
		Release|Any CPU = Release|Any CPU
	EndGlobalSection
	GlobalSection(ProjectConfigurationPlatforms) = postSolution
		{063EA735-B945-43C9-A842-374E85A1169B}.Debug|Any CPU.ActiveCfg = Debug|Any CPU
		{063EA735-B945-43C9-A842-374E85A1169B}.Debug|Any CPU.Build.0 = Debug|Any CPU
		{063EA735-B945-43C9-A842-374E85A1169B}.Release|Any CPU.ActiveCfg = Release|Any CPU
		{063EA735-B945-43C9-A842-374E85A1169B}.Release|Any CPU.Build.0 = Release|Any CPU
	EndGlobalSection
	GlobalSection(SolutionProperties) = preSolution
		HideSolutionNode = FALSE
	EndGlobalSection
	GlobalSection(ExtensibilityGlobals) = postSolution
		SolutionGuid = {A93B4F80-4877-4760-9DAA-162D818ADD7B}
	EndGlobalSection
EndGlobal
